// !$*UTF8*$!
{
	archiveVersion = 1;
	classes = {
	};
	objectVersion = 56;
	objects = {

/* Begin PBXBuildFile section */
		3B0831AD2C22AD3000EBD1A2 /* AppDelegate.swift in Sources */ = {isa = PBXBuildFile; fileRef = 3B0831AC2C22AD3000EBD1A2 /* AppDelegate.swift */; };
		3B0831AF2C22AD3000EBD1A2 /* SceneDelegate.swift in Sources */ = {isa = PBXBuildFile; fileRef = 3B0831AE2C22AD3000EBD1A2 /* SceneDelegate.swift */; };
		3B0831B12C22AD3000EBD1A2 /* ViewController.swift in Sources */ = {isa = PBXBuildFile; fileRef = 3B0831B02C22AD3000EBD1A2 /* ViewController.swift */; };
		3B0831B42C22AD3000EBD1A2 /* Main.storyboard in Resources */ = {isa = PBXBuildFile; fileRef = 3B0831B22C22AD3000EBD1A2 /* Main.storyboard */; };
		3B0831B62C22AD3200EBD1A2 /* Assets.xcassets in Resources */ = {isa = PBXBuildFile; fileRef = 3B0831B52C22AD3200EBD1A2 /* Assets.xcassets */; };
		3B0831B92C22AD3200EBD1A2 /* LaunchScreen.storyboard in Resources */ = {isa = PBXBuildFile; fileRef = 3B0831B72C22AD3200EBD1A2 /* LaunchScreen.storyboard */; };
		3B0831C42C22AD3200EBD1A2 /* SampleAppTests.swift in Sources */ = {isa = PBXBuildFile; fileRef = 3B0831C32C22AD3200EBD1A2 /* SampleAppTests.swift */; };
		3B0831CE2C22AD3200EBD1A2 /* SampleAppUITests.swift in Sources */ = {isa = PBXBuildFile; fileRef = 3B0831CD2C22AD3200EBD1A2 /* SampleAppUITests.swift */; };
		3B0831D02C22AD3200EBD1A2 /* SampleAppUITestsLaunchTests.swift in Sources */ = {isa = PBXBuildFile; fileRef = 3B0831CF2C22AD3200EBD1A2 /* SampleAppUITestsLaunchTests.swift */; };
		3B0831DD2C22ADD100EBD1A2 /* PeaksiOSTesting03.swift in Sources */ = {isa = PBXBuildFile; fileRef = 3B0831DC2C22ADD100EBD1A2 /* PeaksiOSTesting03.swift */; };
/* End PBXBuildFile section */

/* Begin PBXContainerItemProxy section */
		3B0831C02C22AD3200EBD1A2 /* PBXContainerItemProxy */ = {
			isa = PBXContainerItemProxy;
			containerPortal = 3B0831A12C22AD3000EBD1A2 /* Project object */;
			proxyType = 1;
			remoteGlobalIDString = 3B0831A82C22AD3000EBD1A2;
			remoteInfo = SampleApp;
		};
		3B0831CA2C22AD3200EBD1A2 /* PBXContainerItemProxy */ = {
			isa = PBXContainerItemProxy;
			containerPortal = 3B0831A12C22AD3000EBD1A2 /* Project object */;
			proxyType = 1;
			remoteGlobalIDString = 3B0831A82C22AD3000EBD1A2;
			remoteInfo = SampleApp;
		};
/* End PBXContainerItemProxy section */

/* Begin PBXFileReference section */
		3B0831A92C22AD3000EBD1A2 /* SampleApp.app */ = {isa = PBXFileReference; explicitFileType = wrapper.application; includeInIndex = 0; path = SampleApp.app; sourceTree = BUILT_PRODUCTS_DIR; };
		3B0831AC2C22AD3000EBD1A2 /* AppDelegate.swift */ = {isa = PBXFileReference; lastKnownFileType = sourcecode.swift; path = AppDelegate.swift; sourceTree = "<group>"; };
		3B0831AE2C22AD3000EBD1A2 /* SceneDelegate.swift */ = {isa = PBXFileReference; lastKnownFileType = sourcecode.swift; path = SceneDelegate.swift; sourceTree = "<group>"; };
		3B0831B02C22AD3000EBD1A2 /* ViewController.swift */ = {isa = PBXFileReference; lastKnownFileType = sourcecode.swift; path = ViewController.swift; sourceTree = "<group>"; };
		3B0831B32C22AD3000EBD1A2 /* Base */ = {isa = PBXFileReference; lastKnownFileType = file.storyboard; name = Base; path = Base.lproj/Main.storyboard; sourceTree = "<group>"; };
		3B0831B52C22AD3200EBD1A2 /* Assets.xcassets */ = {isa = PBXFileReference; lastKnownFileType = folder.assetcatalog; path = Assets.xcassets; sourceTree = "<group>"; };
		3B0831B82C22AD3200EBD1A2 /* Base */ = {isa = PBXFileReference; lastKnownFileType = file.storyboard; name = Base; path = Base.lproj/LaunchScreen.storyboard; sourceTree = "<group>"; };
		3B0831BA2C22AD3200EBD1A2 /* Info.plist */ = {isa = PBXFileReference; lastKnownFileType = text.plist.xml; path = Info.plist; sourceTree = "<group>"; };
		3B0831BF2C22AD3200EBD1A2 /* SampleAppTests.xctest */ = {isa = PBXFileReference; explicitFileType = wrapper.cfbundle; includeInIndex = 0; path = SampleAppTests.xctest; sourceTree = BUILT_PRODUCTS_DIR; };
		3B0831C32C22AD3200EBD1A2 /* SampleAppTests.swift */ = {isa = PBXFileReference; lastKnownFileType = sourcecode.swift; path = SampleAppTests.swift; sourceTree = "<group>"; };
		3B0831C92C22AD3200EBD1A2 /* SampleAppUITests.xctest */ = {isa = PBXFileReference; explicitFileType = wrapper.cfbundle; includeInIndex = 0; path = SampleAppUITests.xctest; sourceTree = BUILT_PRODUCTS_DIR; };
		3B0831CD2C22AD3200EBD1A2 /* SampleAppUITests.swift */ = {isa = PBXFileReference; lastKnownFileType = sourcecode.swift; path = SampleAppUITests.swift; sourceTree = "<group>"; };
		3B0831CF2C22AD3200EBD1A2 /* SampleAppUITestsLaunchTests.swift */ = {isa = PBXFileReference; lastKnownFileType = sourcecode.swift; path = SampleAppUITestsLaunchTests.swift; sourceTree = "<group>"; };
		3B0831DC2C22ADD100EBD1A2 /* PeaksiOSTesting03.swift */ = {isa = PBXFileReference; lastKnownFileType = sourcecode.swift; path = PeaksiOSTesting03.swift; sourceTree = "<group>"; };
/* End PBXFileReference section */

/* Begin PBXFrameworksBuildPhase section */
		3B0831A62C22AD3000EBD1A2 /* Frameworks */ = {
			isa = PBXFrameworksBuildPhase;
			buildActionMask = 2147483647;
			files = (
			);
			runOnlyForDeploymentPostprocessing = 0;
		};
		3B0831BC2C22AD3200EBD1A2 /* Frameworks */ = {
			isa = PBXFrameworksBuildPhase;
			buildActionMask = 2147483647;
			files = (
			);
			runOnlyForDeploymentPostprocessing = 0;
		};
		3B0831C62C22AD3200EBD1A2 /* Frameworks */ = {
			isa = PBXFrameworksBuildPhase;
			buildActionMask = 2147483647;
			files = (
			);
			runOnlyForDeploymentPostprocessing = 0;
		};
/* End PBXFrameworksBuildPhase section */

/* Begin PBXGroup section */
		3B0831A02C22AD3000EBD1A2 = {
			isa = PBXGroup;
			children = (
				3B0831AB2C22AD3000EBD1A2 /* SampleApp */,
				3B0831C22C22AD3200EBD1A2 /* SampleAppTests */,
				3B0831CC2C22AD3200EBD1A2 /* SampleAppUITests */,
				3B0831AA2C22AD3000EBD1A2 /* Products */,
			);
			sourceTree = "<group>";
		};
		3B0831AA2C22AD3000EBD1A2 /* Products */ = {
			isa = PBXGroup;
			children = (
				3B0831A92C22AD3000EBD1A2 /* SampleApp.app */,
				3B0831BF2C22AD3200EBD1A2 /* SampleAppTests.xctest */,
				3B0831C92C22AD3200EBD1A2 /* SampleAppUITests.xctest */,
			);
			name = Products;
			sourceTree = "<group>";
		};
		3B0831AB2C22AD3000EBD1A2 /* SampleApp */ = {
			isa = PBXGroup;
			children = (
				3B0831AC2C22AD3000EBD1A2 /* AppDelegate.swift */,
				3B0831AE2C22AD3000EBD1A2 /* SceneDelegate.swift */,
				3B0831B02C22AD3000EBD1A2 /* ViewController.swift */,
				3B0831DC2C22ADD100EBD1A2 /* PeaksiOSTesting03.swift */,
				3B0831B22C22AD3000EBD1A2 /* Main.storyboard */,
				3B0831B52C22AD3200EBD1A2 /* Assets.xcassets */,
				3B0831B72C22AD3200EBD1A2 /* LaunchScreen.storyboard */,
				3B0831BA2C22AD3200EBD1A2 /* Info.plist */,
			);
			path = SampleApp;
			sourceTree = "<group>";
		};
		3B0831C22C22AD3200EBD1A2 /* SampleAppTests */ = {
			isa = PBXGroup;
			children = (
				3B0831C32C22AD3200EBD1A2 /* SampleAppTests.swift */,
			);
			path = SampleAppTests;
			sourceTree = "<group>";
		};
		3B0831CC2C22AD3200EBD1A2 /* SampleAppUITests */ = {
			isa = PBXGroup;
			children = (
				3B0831CD2C22AD3200EBD1A2 /* SampleAppUITests.swift */,
				3B0831CF2C22AD3200EBD1A2 /* SampleAppUITestsLaunchTests.swift */,
			);
			path = SampleAppUITests;
			sourceTree = "<group>";
		};
/* End PBXGroup section */

/* Begin PBXNativeTarget section */
		3B0831A82C22AD3000EBD1A2 /* SampleApp */ = {
			isa = PBXNativeTarget;
			buildConfigurationList = 3B0831D32C22AD3200EBD1A2 /* Build configuration list for PBXNativeTarget "SampleApp" */;
			buildPhases = (
				3B0831A52C22AD3000EBD1A2 /* Sources */,
				3B0831A62C22AD3000EBD1A2 /* Frameworks */,
				3B0831A72C22AD3000EBD1A2 /* Resources */,
			);
			buildRules = (
			);
			dependencies = (
			);
			name = SampleApp;
			productName = SampleApp;
			productReference = 3B0831A92C22AD3000EBD1A2 /* SampleApp.app */;
			productType = "com.apple.product-type.application";
		};
		3B0831BE2C22AD3200EBD1A2 /* SampleAppTests */ = {
			isa = PBXNativeTarget;
			buildConfigurationList = 3B0831D62C22AD3200EBD1A2 /* Build configuration list for PBXNativeTarget "SampleAppTests" */;
			buildPhases = (
				3B0831BB2C22AD3200EBD1A2 /* Sources */,
				3B0831BC2C22AD3200EBD1A2 /* Frameworks */,
				3B0831BD2C22AD3200EBD1A2 /* Resources */,
			);
			buildRules = (
			);
			dependencies = (
				3B0831C12C22AD3200EBD1A2 /* PBXTargetDependency */,
			);
			name = SampleAppTests;
			productName = SampleAppTests;
			productReference = 3B0831BF2C22AD3200EBD1A2 /* SampleAppTests.xctest */;
			productType = "com.apple.product-type.bundle.unit-test";
		};
		3B0831C82C22AD3200EBD1A2 /* SampleAppUITests */ = {
			isa = PBXNativeTarget;
			buildConfigurationList = 3B0831D92C22AD3200EBD1A2 /* Build configuration list for PBXNativeTarget "SampleAppUITests" */;
			buildPhases = (
				3B0831C52C22AD3200EBD1A2 /* Sources */,
				3B0831C62C22AD3200EBD1A2 /* Frameworks */,
				3B0831C72C22AD3200EBD1A2 /* Resources */,
			);
			buildRules = (
			);
			dependencies = (
				3B0831CB2C22AD3200EBD1A2 /* PBXTargetDependency */,
			);
			name = SampleAppUITests;
			productName = SampleAppUITests;
			productReference = 3B0831C92C22AD3200EBD1A2 /* SampleAppUITests.xctest */;
			productType = "com.apple.product-type.bundle.ui-testing";
		};
/* End PBXNativeTarget section */

/* Begin PBXProject section */
		3B0831A12C22AD3000EBD1A2 /* Project object */ = {
			isa = PBXProject;
			attributes = {
				BuildIndependentTargetsInParallel = 1;
				LastSwiftUpdateCheck = 1520;
				LastUpgradeCheck = 1520;
				TargetAttributes = {
					3B0831A82C22AD3000EBD1A2 = {
						CreatedOnToolsVersion = 15.2;
					};
					3B0831BE2C22AD3200EBD1A2 = {
						CreatedOnToolsVersion = 15.2;
						TestTargetID = 3B0831A82C22AD3000EBD1A2;
					};
					3B0831C82C22AD3200EBD1A2 = {
						CreatedOnToolsVersion = 15.2;
						TestTargetID = 3B0831A82C22AD3000EBD1A2;
					};
				};
			};
			buildConfigurationList = 3B0831A42C22AD3000EBD1A2 /* Build configuration list for PBXProject "SampleApp" */;
			compatibilityVersion = "Xcode 14.0";
			developmentRegion = en;
			hasScannedForEncodings = 0;
			knownRegions = (
				en,
				Base,
			);
			mainGroup = 3B0831A02C22AD3000EBD1A2;
			productRefGroup = 3B0831AA2C22AD3000EBD1A2 /* Products */;
			projectDirPath = "";
			projectRoot = "";
			targets = (
				3B0831A82C22AD3000EBD1A2 /* SampleApp */,
				3B0831BE2C22AD3200EBD1A2 /* SampleAppTests */,
				3B0831C82C22AD3200EBD1A2 /* SampleAppUITests */,
			);
		};
/* End PBXProject section */

/* Begin PBXResourcesBuildPhase section */
		3B0831A72C22AD3000EBD1A2 /* Resources */ = {
			isa = PBXResourcesBuildPhase;
			buildActionMask = 2147483647;
			files = (
				3B0831B92C22AD3200EBD1A2 /* LaunchScreen.storyboard in Resources */,
				3B0831B62C22AD3200EBD1A2 /* Assets.xcassets in Resources */,
				3B0831B42C22AD3000EBD1A2 /* Main.storyboard in Resources */,
			);
			runOnlyForDeploymentPostprocessing = 0;
		};
		3B0831BD2C22AD3200EBD1A2 /* Resources */ = {
			isa = PBXResourcesBuildPhase;
			buildActionMask = 2147483647;
			files = (
			);
			runOnlyForDeploymentPostprocessing = 0;
		};
		3B0831C72C22AD3200EBD1A2 /* Resources */ = {
			isa = PBXResourcesBuildPhase;
			buildActionMask = 2147483647;
			files = (
			);
			runOnlyForDeploymentPostprocessing = 0;
		};
/* End PBXResourcesBuildPhase section */

/* Begin PBXSourcesBuildPhase section */
		3B0831A52C22AD3000EBD1A2 /* Sources */ = {
			isa = PBXSourcesBuildPhase;
			buildActionMask = 2147483647;
			files = (
				3B0831B12C22AD3000EBD1A2 /* ViewController.swift in Sources */,
				3B0831AD2C22AD3000EBD1A2 /* AppDelegate.swift in Sources */,
				3B0831DD2C22ADD100EBD1A2 /* PeaksiOSTesting03.swift in Sources */,
				3B0831AF2C22AD3000EBD1A2 /* SceneDelegate.swift in Sources */,
			);
			runOnlyForDeploymentPostprocessing = 0;
		};
		3B0831BB2C22AD3200EBD1A2 /* Sources */ = {
			isa = PBXSourcesBuildPhase;
			buildActionMask = 2147483647;
			files = (
				3B0831C42C22AD3200EBD1A2 /* SampleAppTests.swift in Sources */,
			);
			runOnlyForDeploymentPostprocessing = 0;
		};
		3B0831C52C22AD3200EBD1A2 /* Sources */ = {
			isa = PBXSourcesBuildPhase;
			buildActionMask = 2147483647;
			files = (
				3B0831D02C22AD3200EBD1A2 /* SampleAppUITestsLaunchTests.swift in Sources */,
				3B0831CE2C22AD3200EBD1A2 /* SampleAppUITests.swift in Sources */,
			);
			runOnlyForDeploymentPostprocessing = 0;
		};
/* End PBXSourcesBuildPhase section */

/* Begin PBXTargetDependency section */
		3B0831C12C22AD3200EBD1A2 /* PBXTargetDependency */ = {
			isa = PBXTargetDependency;
			target = 3B0831A82C22AD3000EBD1A2 /* SampleApp */;
			targetProxy = 3B0831C02C22AD3200EBD1A2 /* PBXContainerItemProxy */;
		};
		3B0831CB2C22AD3200EBD1A2 /* PBXTargetDependency */ = {
			isa = PBXTargetDependency;
			target = 3B0831A82C22AD3000EBD1A2 /* SampleApp */;
			targetProxy = 3B0831CA2C22AD3200EBD1A2 /* PBXContainerItemProxy */;
		};
/* End PBXTargetDependency section */

/* Begin PBXVariantGroup section */
		3B0831B22C22AD3000EBD1A2 /* Main.storyboard */ = {
			isa = PBXVariantGroup;
			children = (
				3B0831B32C22AD3000EBD1A2 /* Base */,
			);
			name = Main.storyboard;
			sourceTree = "<group>";
		};
		3B0831B72C22AD3200EBD1A2 /* LaunchScreen.storyboard */ = {
			isa = PBXVariantGroup;
			children = (
				3B0831B82C22AD3200EBD1A2 /* Base */,
			);
			name = LaunchScreen.storyboard;
			sourceTree = "<group>";
		};
/* End PBXVariantGroup section */

/* Begin XCBuildConfiguration section */
		3B0831D12C22AD3200EBD1A2 /* Debug */ = {
			isa = XCBuildConfiguration;
			buildSettings = {
				ALWAYS_SEARCH_USER_PATHS = NO;
				ASSETCATALOG_COMPILER_GENERATE_SWIFT_ASSET_SYMBOL_EXTENSIONS = YES;
				CLANG_ANALYZER_NONNULL = YES;
				CLANG_ANALYZER_NUMBER_OBJECT_CONVERSION = YES_AGGRESSIVE;
				CLANG_CXX_LANGUAGE_STANDARD = "gnu++20";
				CLANG_ENABLE_MODULES = YES;
				CLANG_ENABLE_OBJC_ARC = YES;
				CLANG_ENABLE_OBJC_WEAK = YES;
				CLANG_WARN_BLOCK_CAPTURE_AUTORELEASING = YES;
				CLANG_WARN_BOOL_CONVERSION = YES;
				CLANG_WARN_COMMA = YES;
				CLANG_WARN_CONSTANT_CONVERSION = YES;
				CLANG_WARN_DEPRECATED_OBJC_IMPLEMENTATIONS = YES;
				CLANG_WARN_DIRECT_OBJC_ISA_USAGE = YES_ERROR;
				CLANG_WARN_DOCUMENTATION_COMMENTS = YES;
				CLANG_WARN_EMPTY_BODY = YES;
				CLANG_WARN_ENUM_CONVERSION = YES;
				CLANG_WARN_INFINITE_RECURSION = YES;
				CLANG_WARN_INT_CONVERSION = YES;
				CLANG_WARN_NON_LITERAL_NULL_CONVERSION = YES;
				CLANG_WARN_OBJC_IMPLICIT_RETAIN_SELF = YES;
				CLANG_WARN_OBJC_LITERAL_CONVERSION = YES;
				CLANG_WARN_OBJC_ROOT_CLASS = YES_ERROR;
				CLANG_WARN_QUOTED_INCLUDE_IN_FRAMEWORK_HEADER = YES;
				CLANG_WARN_RANGE_LOOP_ANALYSIS = YES;
				CLANG_WARN_STRICT_PROTOTYPES = YES;
				CLANG_WARN_SUSPICIOUS_MOVE = YES;
				CLANG_WARN_UNGUARDED_AVAILABILITY = YES_AGGRESSIVE;
				CLANG_WARN_UNREACHABLE_CODE = YES;
				CLANG_WARN__DUPLICATE_METHOD_MATCH = YES;
				COPY_PHASE_STRIP = NO;
				DEBUG_INFORMATION_FORMAT = dwarf;
				ENABLE_STRICT_OBJC_MSGSEND = YES;
				ENABLE_TESTABILITY = YES;
				ENABLE_USER_SCRIPT_SANDBOXING = YES;
				GCC_C_LANGUAGE_STANDARD = gnu17;
				GCC_DYNAMIC_NO_PIC = NO;
				GCC_NO_COMMON_BLOCKS = YES;
				GCC_OPTIMIZATION_LEVEL = 0;
				GCC_PREPROCESSOR_DEFINITIONS = (
					"DEBUG=1",
					"$(inherited)",
				);
				GCC_WARN_64_TO_32_BIT_CONVERSION = YES;
				GCC_WARN_ABOUT_RETURN_TYPE = YES_ERROR;
				GCC_WARN_UNDECLARED_SELECTOR = YES;
				GCC_WARN_UNINITIALIZED_AUTOS = YES_AGGRESSIVE;
				GCC_WARN_UNUSED_FUNCTION = YES;
				GCC_WARN_UNUSED_VARIABLE = YES;
				IPHONEOS_DEPLOYMENT_TARGET = 15.0;
				LOCALIZATION_PREFERS_STRING_CATALOGS = YES;
				MTL_ENABLE_DEBUG_INFO = INCLUDE_SOURCE;
				MTL_FAST_MATH = YES;
				ONLY_ACTIVE_ARCH = YES;
				SDKROOT = iphoneos;
				SWIFT_ACTIVE_COMPILATION_CONDITIONS = "DEBUG $(inherited)";
				SWIFT_OPTIMIZATION_LEVEL = "-Onone";
			};
			name = Debug;
		};
		3B0831D22C22AD3200EBD1A2 /* Release */ = {
			isa = XCBuildConfiguration;
			buildSettings = {
				ALWAYS_SEARCH_USER_PATHS = NO;
				ASSETCATALOG_COMPILER_GENERATE_SWIFT_ASSET_SYMBOL_EXTENSIONS = YES;
				CLANG_ANALYZER_NONNULL = YES;
				CLANG_ANALYZER_NUMBER_OBJECT_CONVERSION = YES_AGGRESSIVE;
				CLANG_CXX_LANGUAGE_STANDARD = "gnu++20";
				CLANG_ENABLE_MODULES = YES;
				CLANG_ENABLE_OBJC_ARC = YES;
				CLANG_ENABLE_OBJC_WEAK = YES;
				CLANG_WARN_BLOCK_CAPTURE_AUTORELEASING = YES;
				CLANG_WARN_BOOL_CONVERSION = YES;
				CLANG_WARN_COMMA = YES;
				CLANG_WARN_CONSTANT_CONVERSION = YES;
				CLANG_WARN_DEPRECATED_OBJC_IMPLEMENTATIONS = YES;
				CLANG_WARN_DIRECT_OBJC_ISA_USAGE = YES_ERROR;
				CLANG_WARN_DOCUMENTATION_COMMENTS = YES;
				CLANG_WARN_EMPTY_BODY = YES;
				CLANG_WARN_ENUM_CONVERSION = YES;
				CLANG_WARN_INFINITE_RECURSION = YES;
				CLANG_WARN_INT_CONVERSION = YES;
				CLANG_WARN_NON_LITERAL_NULL_CONVERSION = YES;
				CLANG_WARN_OBJC_IMPLICIT_RETAIN_SELF = YES;
				CLANG_WARN_OBJC_LITERAL_CONVERSION = YES;
				CLANG_WARN_OBJC_ROOT_CLASS = YES_ERROR;
				CLANG_WARN_QUOTED_INCLUDE_IN_FRAMEWORK_HEADER = YES;
				CLANG_WARN_RANGE_LOOP_ANALYSIS = YES;
				CLANG_WARN_STRICT_PROTOTYPES = YES;
				CLANG_WARN_SUSPICIOUS_MOVE = YES;
				CLANG_WARN_UNGUARDED_AVAILABILITY = YES_AGGRESSIVE;
				CLANG_WARN_UNREACHABLE_CODE = YES;
				CLANG_WARN__DUPLICATE_METHOD_MATCH = YES;
				COPY_PHASE_STRIP = NO;
				DEBUG_INFORMATION_FORMAT = "dwarf-with-dsym";
				ENABLE_NS_ASSERTIONS = NO;
				ENABLE_STRICT_OBJC_MSGSEND = YES;
				ENABLE_USER_SCRIPT_SANDBOXING = YES;
				GCC_C_LANGUAGE_STANDARD = gnu17;
				GCC_NO_COMMON_BLOCKS = YES;
				GCC_WARN_64_TO_32_BIT_CONVERSION = YES;
				GCC_WARN_ABOUT_RETURN_TYPE = YES_ERROR;
				GCC_WARN_UNDECLARED_SELECTOR = YES;
				GCC_WARN_UNINITIALIZED_AUTOS = YES_AGGRESSIVE;
				GCC_WARN_UNUSED_FUNCTION = YES;
				GCC_WARN_UNUSED_VARIABLE = YES;
				IPHONEOS_DEPLOYMENT_TARGET = 15.0;
				LOCALIZATION_PREFERS_STRING_CATALOGS = YES;
				MTL_ENABLE_DEBUG_INFO = NO;
				MTL_FAST_MATH = YES;
				SDKROOT = iphoneos;
				SWIFT_COMPILATION_MODE = wholemodule;
				VALIDATE_PRODUCT = YES;
			};
			name = Release;
		};
		3B0831D42C22AD3200EBD1A2 /* Debug */ = {
			isa = XCBuildConfiguration;
			buildSettings = {
				ASSETCATALOG_COMPILER_APPICON_NAME = AppIcon;
				ASSETCATALOG_COMPILER_GLOBAL_ACCENT_COLOR_NAME = AccentColor;
				CODE_SIGN_STYLE = Automatic;
				CURRENT_PROJECT_VERSION = 1;
				DEVELOPMENT_TEAM = DW275526Z6;
				GENERATE_INFOPLIST_FILE = YES;
				INFOPLIST_FILE = SampleApp/Info.plist;
				INFOPLIST_KEY_UIApplicationSupportsIndirectInputEvents = YES;
				INFOPLIST_KEY_UILaunchStoryboardName = LaunchScreen;
				INFOPLIST_KEY_UIMainStoryboardFile = Main;
				INFOPLIST_KEY_UISupportedInterfaceOrientations_iPad = "UIInterfaceOrientationPortrait UIInterfaceOrientationPortraitUpsideDown UIInterfaceOrientationLandscapeLeft UIInterfaceOrientationLandscapeRight";
				INFOPLIST_KEY_UISupportedInterfaceOrientations_iPhone = "UIInterfaceOrientationPortrait UIInterfaceOrientationLandscapeLeft UIInterfaceOrientationLandscapeRight";
				IPHONEOS_DEPLOYMENT_TARGET = 15.0;
				LD_RUNPATH_SEARCH_PATHS = (
					"$(inherited)",
					"@executable_path/Frameworks",
				);
				MARKETING_VERSION = 1.0;
				PRODUCT_BUNDLE_IDENTIFIER = com.imael.SampleApp;
				PRODUCT_NAME = "$(TARGET_NAME)";
				SWIFT_EMIT_LOC_STRINGS = YES;
				SWIFT_VERSION = 5.0;
				TARGETED_DEVICE_FAMILY = "1,2";
			};
			name = Debug;
		};
		3B0831D52C22AD3200EBD1A2 /* Release */ = {
			isa = XCBuildConfiguration;
			buildSettings = {
				ASSETCATALOG_COMPILER_APPICON_NAME = AppIcon;
				ASSETCATALOG_COMPILER_GLOBAL_ACCENT_COLOR_NAME = AccentColor;
				CODE_SIGN_STYLE = Automatic;
				CURRENT_PROJECT_VERSION = 1;
				DEVELOPMENT_TEAM = DW275526Z6;
				GENERATE_INFOPLIST_FILE = YES;
				INFOPLIST_FILE = SampleApp/Info.plist;
				INFOPLIST_KEY_UIApplicationSupportsIndirectInputEvents = YES;
				INFOPLIST_KEY_UILaunchStoryboardName = LaunchScreen;
				INFOPLIST_KEY_UIMainStoryboardFile = Main;
				INFOPLIST_KEY_UISupportedInterfaceOrientations_iPad = "UIInterfaceOrientationPortrait UIInterfaceOrientationPortraitUpsideDown UIInterfaceOrientationLandscapeLeft UIInterfaceOrientationLandscapeRight";
				INFOPLIST_KEY_UISupportedInterfaceOrientations_iPhone = "UIInterfaceOrientationPortrait UIInterfaceOrientationLandscapeLeft UIInterfaceOrientationLandscapeRight";
				IPHONEOS_DEPLOYMENT_TARGET = 15.0;
				LD_RUNPATH_SEARCH_PATHS = (
					"$(inherited)",
					"@executable_path/Frameworks",
				);
				MARKETING_VERSION = 1.0;
				PRODUCT_BUNDLE_IDENTIFIER = com.imael.SampleApp;
				PRODUCT_NAME = "$(TARGET_NAME)";
				SWIFT_EMIT_LOC_STRINGS = YES;
				SWIFT_VERSION = 5.0;
				TARGETED_DEVICE_FAMILY = "1,2";
			};
			name = Release;
		};
		3B0831D72C22AD3200EBD1A2 /* Debug */ = {
			isa = XCBuildConfiguration;
			buildSettings = {
				ALWAYS_EMBED_SWIFT_STANDARD_LIBRARIES = YES;
				BUNDLE_LOADER = "$(TEST_HOST)";
				CODE_SIGN_STYLE = Automatic;
				CURRENT_PROJECT_VERSION = 1;
				DEVELOPMENT_TEAM = DW275526Z6;
				GENERATE_INFOPLIST_FILE = YES;
				IPHONEOS_DEPLOYMENT_TARGET = 17.2;
				MARKETING_VERSION = 1.0;
				PRODUCT_BUNDLE_IDENTIFIER = com.imael.SampleAppTests;
				PRODUCT_NAME = "$(TARGET_NAME)";
				SWIFT_EMIT_LOC_STRINGS = NO;
				SWIFT_VERSION = 5.0;
				TARGETED_DEVICE_FAMILY = "1,2";
				TEST_HOST = "$(BUILT_PRODUCTS_DIR)/SampleApp.app/$(BUNDLE_EXECUTABLE_FOLDER_PATH)/SampleApp";
			};
			name = Debug;
		};
		3B0831D82C22AD3200EBD1A2 /* Release */ = {
			isa = XCBuildConfiguration;
			buildSettings = {
				ALWAYS_EMBED_SWIFT_STANDARD_LIBRARIES = YES;
				BUNDLE_LOADER = "$(TEST_HOST)";
				CODE_SIGN_STYLE = Automatic;
				CURRENT_PROJECT_VERSION = 1;
				DEVELOPMENT_TEAM = DW275526Z6;
				GENERATE_INFOPLIST_FILE = YES;
				IPHONEOS_DEPLOYMENT_TARGET = 17.2;
				MARKETING_VERSION = 1.0;
				PRODUCT_BUNDLE_IDENTIFIER = com.imael.SampleAppTests;
				PRODUCT_NAME = "$(TARGET_NAME)";
				SWIFT_EMIT_LOC_STRINGS = NO;
				SWIFT_VERSION = 5.0;
				TARGETED_DEVICE_FAMILY = "1,2";
				TEST_HOST = "$(BUILT_PRODUCTS_DIR)/SampleApp.app/$(BUNDLE_EXECUTABLE_FOLDER_PATH)/SampleApp";
			};
			name = Release;
		};
		3B0831DA2C22AD3200EBD1A2 /* Debug */ = {
			isa = XCBuildConfiguration;
			buildSettings = {
				ALWAYS_EMBED_SWIFT_STANDARD_LIBRARIES = YES;
				CODE_SIGN_STYLE = Automatic;
				CURRENT_PROJECT_VERSION = 1;
				DEVELOPMENT_TEAM = DW275526Z6;
				GENERATE_INFOPLIST_FILE = YES;
				MARKETING_VERSION = 1.0;
				PRODUCT_BUNDLE_IDENTIFIER = com.imael.SampleAppUITests;
				PRODUCT_NAME = "$(TARGET_NAME)";
				SWIFT_EMIT_LOC_STRINGS = NO;
				SWIFT_VERSION = 5.0;
				TARGETED_DEVICE_FAMILY = "1,2";
				TEST_TARGET_NAME = SampleApp;
			};
			name = Debug;
		};
		3B0831DB2C22AD3200EBD1A2 /* Release */ = {
			isa = XCBuildConfiguration;
			buildSettings = {
				ALWAYS_EMBED_SWIFT_STANDARD_LIBRARIES = YES;
				CODE_SIGN_STYLE = Automatic;
				CURRENT_PROJECT_VERSION = 1;
				DEVELOPMENT_TEAM = DW275526Z6;
				GENERATE_INFOPLIST_FILE = YES;
				MARKETING_VERSION = 1.0;
				PRODUCT_BUNDLE_IDENTIFIER = com.imael.SampleAppUITests;
				PRODUCT_NAME = "$(TARGET_NAME)";
				SWIFT_EMIT_LOC_STRINGS = NO;
				SWIFT_VERSION = 5.0;
				TARGETED_DEVICE_FAMILY = "1,2";
				TEST_TARGET_NAME = SampleApp;
			};
			name = Release;
		};
/* End XCBuildConfiguration section */

/* Begin XCConfigurationList section */
		3B0831A42C22AD3000EBD1A2 /* Build configuration list for PBXProject "SampleApp" */ = {
			isa = XCConfigurationList;
			buildConfigurations = (
				3B0831D12C22AD3200EBD1A2 /* Debug */,
				3B0831D22C22AD3200EBD1A2 /* Release */,
			);
			defaultConfigurationIsVisible = 0;
			defaultConfigurationName = Release;
		};
		3B0831D32C22AD3200EBD1A2 /* Build configuration list for PBXNativeTarget "SampleApp" */ = {
			isa = XCConfigurationList;
			buildConfigurations = (
				3B0831D42C22AD3200EBD1A2 /* Debug */,
				3B0831D52C22AD3200EBD1A2 /* Release */,
			);
			defaultConfigurationIsVisible = 0;
			defaultConfigurationName = Release;
		};
		3B0831D62C22AD3200EBD1A2 /* Build configuration list for PBXNativeTarget "SampleAppTests" */ = {
			isa = XCConfigurationList;
			buildConfigurations = (
				3B0831D72C22AD3200EBD1A2 /* Debug */,
				3B0831D82C22AD3200EBD1A2 /* Release */,
			);
			defaultConfigurationIsVisible = 0;
			defaultConfigurationName = Release;
		};
		3B0831D92C22AD3200EBD1A2 /* Build configuration list for PBXNativeTarget "SampleAppUITests" */ = {
			isa = XCConfigurationList;
			buildConfigurations = (
				3B0831DA2C22AD3200EBD1A2 /* Debug */,
				3B0831DB2C22AD3200EBD1A2 /* Release */,
			);
			defaultConfigurationIsVisible = 0;
			defaultConfigurationName = Release;
		};
/* End XCConfigurationList section */
	};
	rootObject = 3B0831A12C22AD3000EBD1A2 /* Project object */;
}
